
Microsoft Visual Studio Solution File, Format Version 12.00
# Visual Studio Version 16
VisualStudioVersion = 16.0.29728.190
MinimumVisualStudioVersion = 10.0.40219.1
Project("{9A19103F-16F7-4668-BE54-9A1E7A4F7556}") = "SuppliesPriceLister", "SuppliesPriceLister.csproj", "{66347C5E-BC95-46AD-9FCD-2AF5937528E7}"
EndProject
Project("{FAE04EC0-301F-11D3-BF4B-00C04F79EFBC}") = "SuppliesPriceLister.Tests", "..\SuppliesPriceLister.Tests\SuppliesPriceLister.Tests.csproj", "{3C9E9F6D-14AE-45C9-B985-4E1EC40CB3EE}"
EndProject
Project("{FAE04EC0-301F-11D3-BF4B-00C04F79EFBC}") = "SuppliesPriceLister.Logic", "..\SuppliesPriceLister.Logic\SuppliesPriceLister.Logic.csproj", "{693F81A3-7754-4B60-8FA9-A127D68CBBF1}"
EndProject
Project("{FAE04EC0-301F-11D3-BF4B-00C04F79EFBC}") = "SuppliesPriceLister.Logic.Tests", "..\SuppliesPriceLister.Logic.Tests\SuppliesPriceLister.Logic.Tests.csproj", "{F49B1E97-23CF-427C-8DEF-A40B9EE80BCC}"
EndProject
Global
	GlobalSection(SolutionConfigurationPlatforms) = preSolution
		Debug|Any CPU = Debug|Any CPU
		Release|Any CPU = Release|Any CPU
	EndGlobalSection
	GlobalSection(ProjectConfigurationPlatforms) = postSolution
		{66347C5E-BC95-46AD-9FCD-2AF5937528E7}.Debug|Any CPU.ActiveCfg = Debug|Any CPU
		{66347C5E-BC95-46AD-9FCD-2AF5937528E7}.Debug|Any CPU.Build.0 = Debug|Any CPU
		{66347C5E-BC95-46AD-9FCD-2AF5937528E7}.Release|Any CPU.ActiveCfg = Release|Any CPU
		{66347C5E-BC95-46AD-9FCD-2AF5937528E7}.Release|Any CPU.Build.0 = Release|Any CPU
		{3C9E9F6D-14AE-45C9-B985-4E1EC40CB3EE}.Debug|Any CPU.ActiveCfg = Debug|Any CPU
		{3C9E9F6D-14AE-45C9-B985-4E1EC40CB3EE}.Debug|Any CPU.Build.0 = Debug|Any CPU
		{3C9E9F6D-14AE-45C9-B985-4E1EC40CB3EE}.Release|Any CPU.ActiveCfg = Release|Any CPU
		{3C9E9F6D-14AE-45C9-B985-4E1EC40CB3EE}.Release|Any CPU.Build.0 = Release|Any CPU
		{693F81A3-7754-4B60-8FA9-A127D68CBBF1}.Debug|Any CPU.ActiveCfg = Debug|Any CPU
		{693F81A3-7754-4B60-8FA9-A127D68CBBF1}.Debug|Any CPU.Build.0 = Debug|Any CPU
		{693F81A3-7754-4B60-8FA9-A127D68CBBF1}.Release|Any CPU.ActiveCfg = Release|Any CPU
		{693F81A3-7754-4B60-8FA9-A127D68CBBF1}.Release|Any CPU.Build.0 = Release|Any CPU
		{F49B1E97-23CF-427C-8DEF-A40B9EE80BCC}.Debug|Any CPU.ActiveCfg = Debug|Any CPU
		{F49B1E97-23CF-427C-8DEF-A40B9EE80BCC}.Debug|Any CPU.Build.0 = Debug|Any CPU
		{F49B1E97-23CF-427C-8DEF-A40B9EE80BCC}.Release|Any CPU.ActiveCfg = Release|Any CPU
		{F49B1E97-23CF-427C-8DEF-A40B9EE80BCC}.Release|Any CPU.Build.0 = Release|Any CPU
	EndGlobalSection
	GlobalSection(SolutionProperties) = preSolution
		HideSolutionNode = FALSE
	EndGlobalSection
	GlobalSection(ExtensibilityGlobals) = postSolution
		SolutionGuid = {B67A00FC-539D-42A0-ABBD-AC409A55FA38}
	EndGlobalSection
EndGlobal
